
Microsoft Visual Studio Solution File, Format Version 11.00
# Visual Studio 2010
Project("{FAE04EC0-301F-11D3-BF4B-00C04F79EFBC}") = "MyTranslate.DataAccess", "MyTranslate.DataAccess\MyTranslate.DataAccess.csproj", "{CE9977FD-1190-4FAA-8D0D-14919188AAD9}"
EndProject
Project("{FAE04EC0-301F-11D3-BF4B-00C04F79EFBC}") = "MyFramework.DataAccess", "MyFramework.DataAccess\MyFramework.DataAccess.csproj", "{59E2B453-B5D9-4669-9B43-6EB222A40384}"
EndProject
Project("{FAE04EC0-301F-11D3-BF4B-00C04F79EFBC}") = "MyFramework.Service", "MyFramework.Service\MyFramework.Service.csproj", "{B04AA25D-DE3D-4430-AB68-DAE77E06A7E9}"
EndProject
Project("{FAE04EC0-301F-11D3-BF4B-00C04F79EFBC}") = "MyTranslate.App", "MyTranslate.App\MyTranslate.App.csproj", "{A9ED2009-808C-483A-8A29-1783CFF48517}"
EndProject
Project("{FAE04EC0-301F-11D3-BF4B-00C04F79EFBC}") = "MyTranslate.Service", "MyTranslate.Service\MyTranslate.Service.csproj", "{E9554D6A-4102-4458-8AB7-C9742454954F}"
EndProject
Global
	GlobalSection(SolutionConfigurationPlatforms) = preSolution
		Debug|Any CPU = Debug|Any CPU
		Debug|Mixed Platforms = Debug|Mixed Platforms
		Debug|x86 = Debug|x86
		Release|Any CPU = Release|Any CPU
		Release|Mixed Platforms = Release|Mixed Platforms
		Release|x86 = Release|x86
	EndGlobalSection
	GlobalSection(ProjectConfigurationPlatforms) = postSolution
		{CE9977FD-1190-4FAA-8D0D-14919188AAD9}.Debug|Any CPU.ActiveCfg = Debug|Any CPU
		{CE9977FD-1190-4FAA-8D0D-14919188AAD9}.Debug|Any CPU.Build.0 = Debug|Any CPU
		{CE9977FD-1190-4FAA-8D0D-14919188AAD9}.Debug|Mixed Platforms.ActiveCfg = Debug|Any CPU
		{CE9977FD-1190-4FAA-8D0D-14919188AAD9}.Debug|Mixed Platforms.Build.0 = Debug|Any CPU
		{CE9977FD-1190-4FAA-8D0D-14919188AAD9}.Debug|x86.ActiveCfg = Debug|Any CPU
		{CE9977FD-1190-4FAA-8D0D-14919188AAD9}.Release|Any CPU.ActiveCfg = Release|Any CPU
		{CE9977FD-1190-4FAA-8D0D-14919188AAD9}.Release|Any CPU.Build.0 = Release|Any CPU
		{CE9977FD-1190-4FAA-8D0D-14919188AAD9}.Release|Mixed Platforms.ActiveCfg = Release|Any CPU
		{CE9977FD-1190-4FAA-8D0D-14919188AAD9}.Release|Mixed Platforms.Build.0 = Release|Any CPU
		{CE9977FD-1190-4FAA-8D0D-14919188AAD9}.Release|x86.ActiveCfg = Release|Any CPU
		{59E2B453-B5D9-4669-9B43-6EB222A40384}.Debug|Any CPU.ActiveCfg = Debug|Any CPU
		{59E2B453-B5D9-4669-9B43-6EB222A40384}.Debug|Any CPU.Build.0 = Debug|Any CPU
		{59E2B453-B5D9-4669-9B43-6EB222A40384}.Debug|Mixed Platforms.ActiveCfg = Debug|Any CPU
		{59E2B453-B5D9-4669-9B43-6EB222A40384}.Debug|Mixed Platforms.Build.0 = Debug|Any CPU
		{59E2B453-B5D9-4669-9B43-6EB222A40384}.Debug|x86.ActiveCfg = Debug|Any CPU
		{59E2B453-B5D9-4669-9B43-6EB222A40384}.Release|Any CPU.ActiveCfg = Release|Any CPU
		{59E2B453-B5D9-4669-9B43-6EB222A40384}.Release|Any CPU.Build.0 = Release|Any CPU
		{59E2B453-B5D9-4669-9B43-6EB222A40384}.Release|Mixed Platforms.ActiveCfg = Release|Any CPU
		{59E2B453-B5D9-4669-9B43-6EB222A40384}.Release|Mixed Platforms.Build.0 = Release|Any CPU
		{59E2B453-B5D9-4669-9B43-6EB222A40384}.Release|x86.ActiveCfg = Release|Any CPU
		{B04AA25D-DE3D-4430-AB68-DAE77E06A7E9}.Debug|Any CPU.ActiveCfg = Debug|Any CPU
		{B04AA25D-DE3D-4430-AB68-DAE77E06A7E9}.Debug|Any CPU.Build.0 = Debug|Any CPU
		{B04AA25D-DE3D-4430-AB68-DAE77E06A7E9}.Debug|Mixed Platforms.ActiveCfg = Debug|Any CPU
		{B04AA25D-DE3D-4430-AB68-DAE77E06A7E9}.Debug|Mixed Platforms.Build.0 = Debug|Any CPU
		{B04AA25D-DE3D-4430-AB68-DAE77E06A7E9}.Debug|x86.ActiveCfg = Debug|Any CPU
		{B04AA25D-DE3D-4430-AB68-DAE77E06A7E9}.Release|Any CPU.ActiveCfg = Release|Any CPU
		{B04AA25D-DE3D-4430-AB68-DAE77E06A7E9}.Release|Any CPU.Build.0 = Release|Any CPU
		{B04AA25D-DE3D-4430-AB68-DAE77E06A7E9}.Release|Mixed Platforms.ActiveCfg = Release|Any CPU
		{B04AA25D-DE3D-4430-AB68-DAE77E06A7E9}.Release|Mixed Platforms.Build.0 = Release|Any CPU
		{B04AA25D-DE3D-4430-AB68-DAE77E06A7E9}.Release|x86.ActiveCfg = Release|Any CPU
		{A9ED2009-808C-483A-8A29-1783CFF48517}.Debug|Any CPU.ActiveCfg = Debug|x86
		{A9ED2009-808C-483A-8A29-1783CFF48517}.Debug|Mixed Platforms.ActiveCfg = Debug|x86
		{A9ED2009-808C-483A-8A29-1783CFF48517}.Debug|Mixed Platforms.Build.0 = Debug|x86
		{A9ED2009-808C-483A-8A29-1783CFF48517}.Debug|x86.ActiveCfg = Debug|x86
		{A9ED2009-808C-483A-8A29-1783CFF48517}.Debug|x86.Build.0 = Debug|x86
		{A9ED2009-808C-483A-8A29-1783CFF48517}.Release|Any CPU.ActiveCfg = Release|x86
		{A9ED2009-808C-483A-8A29-1783CFF48517}.Release|Mixed Platforms.ActiveCfg = Release|x86
		{A9ED2009-808C-483A-8A29-1783CFF48517}.Release|Mixed Platforms.Build.0 = Release|x86
		{A9ED2009-808C-483A-8A29-1783CFF48517}.Release|x86.ActiveCfg = Release|x86
		{A9ED2009-808C-483A-8A29-1783CFF48517}.Release|x86.Build.0 = Release|x86
		{E9554D6A-4102-4458-8AB7-C9742454954F}.Debug|Any CPU.ActiveCfg = Debug|Any CPU
		{E9554D6A-4102-4458-8AB7-C9742454954F}.Debug|Any CPU.Build.0 = Debug|Any CPU
		{E9554D6A-4102-4458-8AB7-C9742454954F}.Debug|Mixed Platforms.ActiveCfg = Debug|Any CPU
		{E9554D6A-4102-4458-8AB7-C9742454954F}.Debug|Mixed Platforms.Build.0 = Debug|Any CPU
		{E9554D6A-4102-4458-8AB7-C9742454954F}.Debug|x86.ActiveCfg = Debug|Any CPU
		{E9554D6A-4102-4458-8AB7-C9742454954F}.Release|Any CPU.ActiveCfg = Release|Any CPU
		{E9554D6A-4102-4458-8AB7-C9742454954F}.Release|Any CPU.Build.0 = Release|Any CPU
		{E9554D6A-4102-4458-8AB7-C9742454954F}.Release|Mixed Platforms.ActiveCfg = Release|Any CPU
		{E9554D6A-4102-4458-8AB7-C9742454954F}.Release|Mixed Platforms.Build.0 = Release|Any CPU
		{E9554D6A-4102-4458-8AB7-C9742454954F}.Release|x86.ActiveCfg = Release|Any CPU
	EndGlobalSection
	GlobalSection(SolutionProperties) = preSolution
		HideSolutionNode = FALSE
	EndGlobalSection
EndGlobal
